
Microsoft Visual Studio Solution File, Format Version 12.00
# Visual Studio Version 16
VisualStudioVersion = 16.0.29001.49
MinimumVisualStudioVersion = 10.0.40219.1
Project("{FAE04EC0-301F-11D3-BF4B-00C04F79EFBC}") = "Deploy2", "Deploy2.csproj", "{D21BBF8F-3A36-4538-A20C-594E1A19500B}"
EndProject
Global
	GlobalSection(SolutionConfigurationPlatforms) = preSolution
		Debug|Any CPU = Debug|Any CPU
		Release|Any CPU = Release|Any CPU
	EndGlobalSection
	GlobalSection(ProjectConfigurationPlatforms) = postSolution
		{D21BBF8F-3A36-4538-A20C-594E1A19500B}.Debug|Any CPU.ActiveCfg = Debug|Any CPU
		{D21BBF8F-3A36-4538-A20C-594E1A19500B}.Debug|Any CPU.Build.0 = Debug|Any CPU
		{D21BBF8F-3A36-4538-A20C-594E1A19500B}.Release|Any CPU.ActiveCfg = Release|Any CPU
		{D21BBF8F-3A36-4538-A20C-594E1A19500B}.Release|Any CPU.Build.0 = Release|Any CPU
	EndGlobalSection
	GlobalSection(SolutionProperties) = preSolution
		HideSolutionNode = FALSE
	EndGlobalSection
	GlobalSection(ExtensibilityGlobals) = postSolution
		SolutionGuid = {A18A1D23-8EE1-4E4B-BA5F-E68BC765DD8F}
	EndGlobalSection
EndGlobal
